{
    "_readme": [
        "This file locks the dependencies of your project to a known state",
        "Read more about it at https://getcomposer.org/doc/01-basic-usage.md#composer-lock-the-lock-file",
        "This file is @generated automatically"
    ],
    "hash": "8ad16b1e525fe87a2a3d14564eae5a07",
    "content-hash": "e6c21f578f166f25391791cc586f9dc3",
    "packages": [
        {
            "name": "aura/di",
            "version": "2.2.4",
            "source": {
                "type": "git",
                "url": "https://github.com/auraphp/Aura.Di.git",
                "reference": "81d5d9c602ca292a16e32001dcbd2adab5350e28"
            },
            "dist": {
                "type": "zip",
                "url": "https://api.github.com/repos/auraphp/Aura.Di/zipball/81d5d9c602ca292a16e32001dcbd2adab5350e28",
                "reference": "81d5d9c602ca292a16e32001dcbd2adab5350e28",
                "shasum": ""
            },
            "require": {
                "php": ">=5.3.0"
            },
            "type": "library",
            "extra": {
                "aura": {
                    "type": "library"
                }
            },
            "autoload": {
                "psr-4": {
                    "Aura\\Di\\": "src/"
                }
            },
            "notification-url": "https://packagist.org/downloads/",
            "license": [
                "BSD-2-Clause"
            ],
            "authors": [
                {
                    "name": "Aura.Di Contributors",
                    "homepage": "https://github.com/auraphp/Aura.Di/contributors"
                }
            ],
            "description": "Provides a dependency injection container system with native support for constructor- and setter-based injection, lazy-loading of services, and inheritable configuration of setters and constructor params.",
            "homepage": "https://github.com/auraphp/Aura.Di",
            "keywords": [
                "container",
                "dependency injection",
                "dependency injection container",
                "di",
                "di container"
            ],
            "time": "2016-01-21 09:34:53"
        },
        {
            "name": "nikic/fast-route",
            "version": "v0.7.0",
            "source": {
                "type": "git",
                "url": "https://github.com/nikic/FastRoute.git",
                "reference": "8164b4a0d8afde4eae5f1bfc39084972ba23ad36"
            },
            "dist": {
                "type": "zip",
                "url": "https://api.github.com/repos/nikic/FastRoute/zipball/8164b4a0d8afde4eae5f1bfc39084972ba23ad36",
                "reference": "8164b4a0d8afde4eae5f1bfc39084972ba23ad36",
                "shasum": ""
            },
            "require": {
                "php": ">=5.4.0"
            },
            "type": "library",
            "autoload": {
                "psr-4": {
                    "FastRoute\\": "src/"
                },
                "files": [
                    "src/functions.php"
                ]
            },
            "notification-url": "https://packagist.org/downloads/",
            "license": [
                "BSD-3-Clause"
            ],
            "authors": [
                {
                    "name": "Nikita Popov",
                    "email": "nikic@php.net"
                }
            ],
            "description": "Fast request router for PHP",
            "keywords": [
                "router",
                "routing"
            ],
            "time": "2015-12-20 19:50:12"
        }
    ],
    "packages-dev": [],
    "aliases": [],
    "minimum-stability": "stable",
    "stability-flags": [],
    "prefer-stable": false,
    "prefer-lowest": false,
    "platform": [],
    "platform-dev": []
}
